
Microsoft Visual Studio Solution File, Format Version 12.00
# Visual Studio Version 17
VisualStudioVersion = 17.6.33829.357
MinimumVisualStudioVersion = 10.0.40219.1
Project("{FAE04EC0-301F-11D3-BF4B-00C04F79EFBC}") = "mstest-automated-testing", "mstest-automated-testing\mstest-automated-testing.csproj", "{343DA2FD-1CBE-422A-AE04-487EFF1AB1B4}"
EndProject
Global
	GlobalSection(SolutionConfigurationPlatforms) = preSolution
		Debug|Any CPU = Debug|Any CPU
		Release|Any CPU = Release|Any CPU
	EndGlobalSection
	GlobalSection(ProjectConfigurationPlatforms) = postSolution
		{343DA2FD-1CBE-422A-AE04-487EFF1AB1B4}.Debug|Any CPU.ActiveCfg = Debug|Any CPU
		{343DA2FD-1CBE-422A-AE04-487EFF1AB1B4}.Debug|Any CPU.Build.0 = Debug|Any CPU
		{343DA2FD-1CBE-422A-AE04-487EFF1AB1B4}.Release|Any CPU.ActiveCfg = Release|Any CPU
		{343DA2FD-1CBE-422A-AE04-487EFF1AB1B4}.Release|Any CPU.Build.0 = Release|Any CPU
	EndGlobalSection
	GlobalSection(SolutionProperties) = preSolution
		HideSolutionNode = FALSE
	EndGlobalSection
	GlobalSection(ExtensibilityGlobals) = postSolution
		SolutionGuid = {53F6575E-AE83-4EB6-9CBC-B89AAAB64985}
	EndGlobalSection
EndGlobal
